# This file is auto-generated by exon. Do not edit.

[[package]]
name = "github.com/misut/cppx"
package = "cppx"
version = "1.9.2"
commit = "df3df2d3c746e90f2452be1f97accf74d5c97895"

[[package]]
name = "github.com/misut/jsoncpp"
package = "jsoncpp"
version = "0.1.4"
commit = "a164f6c71a5ff5ff4c2b3f559d0eb10d38f84f05"

[[package]]
name = "github.com/misut/txn"
package = "txn"
version = "0.7.0"
commit = "e5bd790c9a461dc135615759a162fcb10847fc7d"

