# This file is auto-generated by exon. Do not edit.

[[package]]
name = "github.com/misut/cppx"
package = "cppx"
version = "1.6.3"
commit = "f9d562e0ff0c1724b2e8e57f6aa540e98172ea20"

[[package]]
name = "github.com/misut/jsoncpp"
package = "jsoncpp"
version = "0.1.4"
commit = "a164f6c71a5ff5ff4c2b3f559d0eb10d38f84f05"

[[package]]
name = "github.com/misut/txn"
package = "txn"
version = "0.6.2"
commit = "4614675bae7cd73c655524f842279ebb7f5ad742"

